uuid: 85eb33c5-2844-4b54-8fb1-fd2495c35143
langcode: fr
status: true
dependencies:
  module:
    - custom_event
    - node
  theme:
    - test_drupal
id: customeventblock
theme: test_drupal
region: content
weight: -2
provider: null
plugin: custom_event_block
settings:
  id: custom_event_block
  label: 'Evenements similaires'
  label_display: visible
  provider: custom_event
visibility:
  'entity_bundle:node':
    id: 'entity_bundle:node'
    negate: false
    context_mapping:
      node: '@node.node_route_context:node'
    bundles:
      event: event
